// !$*UTF8*$!
{
	archiveVersion = 1;
	classes = {
	};
	objectVersion = 77;
	objects = {

/* Begin PBXBuildFile section */
		BBA79A632D30398600DAB14B /* FirebaseAnalytics in Frameworks */ = {isa = PBXBuildFile; productRef = BBA79A622D30398600DAB14B /* FirebaseAnalytics */; };
		BBA79A652D30398600DAB14B /* FirebaseAnalyticsWithoutAdIdSupport in Frameworks */ = {isa = PBXBuildFile; productRef = BBA79A642D30398600DAB14B /* FirebaseAnalyticsWithoutAdIdSupport */; };
		BBA79A692D303C9800DAB14B /* FirebaseCore in Frameworks */ = {isa = PBXBuildFile; productRef = BBA79A682D303C9800DAB14B /* FirebaseCore */; };
		BBA79A6B2D303C9800DAB14B /* FirebaseDatabase in Frameworks */ = {isa = PBXBuildFile; productRef = BBA79A6A2D303C9800DAB14B /* FirebaseDatabase */; };
		BBA79A6D2D303C9800DAB14B /* FirebaseFirestore in Frameworks */ = {isa = PBXBuildFile; productRef = BBA79A6C2D303C9800DAB14B /* FirebaseFirestore */; };
		BBA79A6F2D303CE400DAB14B /* FirebaseFunctions in Frameworks */ = {isa = PBXBuildFile; productRef = BBA79A6E2D303CE400DAB14B /* FirebaseFunctions */; };
		BBA79A712D303CE400DAB14B /* FirebaseStorage in Frameworks */ = {isa = PBXBuildFile; productRef = BBA79A702D303CE400DAB14B /* FirebaseStorage */; };
		BBA79A732D303CE400DAB14B /* FirebaseStorageCombine-Community in Frameworks */ = {isa = PBXBuildFile; productRef = BBA79A722D303CE400DAB14B /* FirebaseStorageCombine-Community */; };
		BBA79A752D303F5400DAB14B /* FirebaseFirestoreCombine-Community in Frameworks */ = {isa = PBXBuildFile; productRef = BBA79A742D303F5400DAB14B /* FirebaseFirestoreCombine-Community */; };
		BBA79A772D303F5400DAB14B /* FirebaseFunctionsCombine-Community in Frameworks */ = {isa = PBXBuildFile; productRef = BBA79A762D303F5400DAB14B /* FirebaseFunctionsCombine-Community */; };
		BBA79A792D303F5400DAB14B /* FirebaseInstallations in Frameworks */ = {isa = PBXBuildFile; productRef = BBA79A782D303F5400DAB14B /* FirebaseInstallations */; };
/* End PBXBuildFile section */

/* Begin PBXContainerItemProxy section */
		BBA79A242D30203C00DAB14B /* PBXContainerItemProxy */ = {
			isa = PBXContainerItemProxy;
			containerPortal = BBA79A0A2D30203B00DAB14B /* Project object */;
			proxyType = 1;
			remoteGlobalIDString = BBA79A112D30203B00DAB14B;
			remoteInfo = Defensio;
		};
		BBA79A2E2D30203C00DAB14B /* PBXContainerItemProxy */ = {
			isa = PBXContainerItemProxy;
			containerPortal = BBA79A0A2D30203B00DAB14B /* Project object */;
			proxyType = 1;
			remoteGlobalIDString = BBA79A112D30203B00DAB14B;
			remoteInfo = Defensio;
		};
/* End PBXContainerItemProxy section */

/* Begin PBXFileReference section */
		BBA79A122D30203B00DAB14B /* Defensio.app */ = {isa = PBXFileReference; explicitFileType = wrapper.application; includeInIndex = 0; path = Defensio.app; sourceTree = BUILT_PRODUCTS_DIR; };
		BBA79A232D30203C00DAB14B /* DefensioTests.xctest */ = {isa = PBXFileReference; explicitFileType = wrapper.cfbundle; includeInIndex = 0; path = DefensioTests.xctest; sourceTree = BUILT_PRODUCTS_DIR; };
		BBA79A2D2D30203C00DAB14B /* DefensioUITests.xctest */ = {isa = PBXFileReference; explicitFileType = wrapper.cfbundle; includeInIndex = 0; path = DefensioUITests.xctest; sourceTree = BUILT_PRODUCTS_DIR; };
/* End PBXFileReference section */

/* Begin PBXFileSystemSynchronizedRootGroup section */
		BBA79A142D30203B00DAB14B /* Defensio */ = {
			isa = PBXFileSystemSynchronizedRootGroup;
			path = Defensio;
			sourceTree = "<group>";
		};
		BBA79A262D30203C00DAB14B /* DefensioTests */ = {
			isa = PBXFileSystemSynchronizedRootGroup;
			path = DefensioTests;
			sourceTree = "<group>";
		};
		BBA79A302D30203C00DAB14B /* DefensioUITests */ = {
			isa = PBXFileSystemSynchronizedRootGroup;
			path = DefensioUITests;
			sourceTree = "<group>";
		};
/* End PBXFileSystemSynchronizedRootGroup section */

/* Begin PBXFrameworksBuildPhase section */
		BBA79A0F2D30203B00DAB14B /* Frameworks */ = {
			isa = PBXFrameworksBuildPhase;
			buildActionMask = 2147483647;
			files = (
				BBA79A792D303F5400DAB14B /* FirebaseInstallations in Frameworks */,
				BBA79A632D30398600DAB14B /* FirebaseAnalytics in Frameworks */,
				BBA79A692D303C9800DAB14B /* FirebaseCore in Frameworks */,
				BBA79A732D303CE400DAB14B /* FirebaseStorageCombine-Community in Frameworks */,
				BBA79A772D303F5400DAB14B /* FirebaseFunctionsCombine-Community in Frameworks */,
				BBA79A752D303F5400DAB14B /* FirebaseFirestoreCombine-Community in Frameworks */,
				BBA79A6B2D303C9800DAB14B /* FirebaseDatabase in Frameworks */,
				BBA79A6F2D303CE400DAB14B /* FirebaseFunctions in Frameworks */,
				BBA79A712D303CE400DAB14B /* FirebaseStorage in Frameworks */,
				BBA79A6D2D303C9800DAB14B /* FirebaseFirestore in Frameworks */,
				BBA79A652D30398600DAB14B /* FirebaseAnalyticsWithoutAdIdSupport in Frameworks */,
			);
			runOnlyForDeploymentPostprocessing = 0;
		};
		BBA79A202D30203C00DAB14B /* Frameworks */ = {
			isa = PBXFrameworksBuildPhase;
			buildActionMask = 2147483647;
			files = (
			);
			runOnlyForDeploymentPostprocessing = 0;
		};
		BBA79A2A2D30203C00DAB14B /* Frameworks */ = {
			isa = PBXFrameworksBuildPhase;
			buildActionMask = 2147483647;
			files = (
			);
			runOnlyForDeploymentPostprocessing = 0;
		};
/* End PBXFrameworksBuildPhase section */

/* Begin PBXGroup section */
		BBA79A092D30203B00DAB14B = {
			isa = PBXGroup;
			children = (
				BBA79A142D30203B00DAB14B /* Defensio */,
				BBA79A262D30203C00DAB14B /* DefensioTests */,
				BBA79A302D30203C00DAB14B /* DefensioUITests */,
				BBA79A132D30203B00DAB14B /* Products */,
			);
			sourceTree = "<group>";
		};
		BBA79A132D30203B00DAB14B /* Products */ = {
			isa = PBXGroup;
			children = (
				BBA79A122D30203B00DAB14B /* Defensio.app */,
				BBA79A232D30203C00DAB14B /* DefensioTests.xctest */,
				BBA79A2D2D30203C00DAB14B /* DefensioUITests.xctest */,
			);
			name = Products;
			sourceTree = "<group>";
		};
/* End PBXGroup section */

/* Begin PBXNativeTarget section */
		BBA79A112D30203B00DAB14B /* Defensio */ = {
			isa = PBXNativeTarget;
			buildConfigurationList = BBA79A372D30203C00DAB14B /* Build configuration list for PBXNativeTarget "Defensio" */;
			buildPhases = (
				BBA79A0E2D30203B00DAB14B /* Sources */,
				BBA79A0F2D30203B00DAB14B /* Frameworks */,
				BBA79A102D30203B00DAB14B /* Resources */,
			);
			buildRules = (
			);
			dependencies = (
			);
			fileSystemSynchronizedGroups = (
				BBA79A142D30203B00DAB14B /* Defensio */,
			);
			name = Defensio;
			packageProductDependencies = (
				BBA79A622D30398600DAB14B /* FirebaseAnalytics */,
				BBA79A642D30398600DAB14B /* FirebaseAnalyticsWithoutAdIdSupport */,
				BBA79A682D303C9800DAB14B /* FirebaseCore */,
				BBA79A6A2D303C9800DAB14B /* FirebaseDatabase */,
				BBA79A6C2D303C9800DAB14B /* FirebaseFirestore */,
				BBA79A6E2D303CE400DAB14B /* FirebaseFunctions */,
				BBA79A702D303CE400DAB14B /* FirebaseStorage */,
				BBA79A722D303CE400DAB14B /* FirebaseStorageCombine-Community */,
				BBA79A742D303F5400DAB14B /* FirebaseFirestoreCombine-Community */,
				BBA79A762D303F5400DAB14B /* FirebaseFunctionsCombine-Community */,
				BBA79A782D303F5400DAB14B /* FirebaseInstallations */,
			);
			productName = Defensio;
			productReference = BBA79A122D30203B00DAB14B /* Defensio.app */;
			productType = "com.apple.product-type.application";
		};
		BBA79A222D30203C00DAB14B /* DefensioTests */ = {
			isa = PBXNativeTarget;
			buildConfigurationList = BBA79A3A2D30203C00DAB14B /* Build configuration list for PBXNativeTarget "DefensioTests" */;
			buildPhases = (
				BBA79A1F2D30203C00DAB14B /* Sources */,
				BBA79A202D30203C00DAB14B /* Frameworks */,
				BBA79A212D30203C00DAB14B /* Resources */,
			);
			buildRules = (
			);
			dependencies = (
				BBA79A252D30203C00DAB14B /* PBXTargetDependency */,
			);
			fileSystemSynchronizedGroups = (
				BBA79A262D30203C00DAB14B /* DefensioTests */,
			);
			name = DefensioTests;
			packageProductDependencies = (
			);
			productName = DefensioTests;
			productReference = BBA79A232D30203C00DAB14B /* DefensioTests.xctest */;
			productType = "com.apple.product-type.bundle.unit-test";
		};
		BBA79A2C2D30203C00DAB14B /* DefensioUITests */ = {
			isa = PBXNativeTarget;
			buildConfigurationList = BBA79A3D2D30203C00DAB14B /* Build configuration list for PBXNativeTarget "DefensioUITests" */;
			buildPhases = (
				BBA79A292D30203C00DAB14B /* Sources */,
				BBA79A2A2D30203C00DAB14B /* Frameworks */,
				BBA79A2B2D30203C00DAB14B /* Resources */,
			);
			buildRules = (
			);
			dependencies = (
				BBA79A2F2D30203C00DAB14B /* PBXTargetDependency */,
			);
			fileSystemSynchronizedGroups = (
				BBA79A302D30203C00DAB14B /* DefensioUITests */,
			);
			name = DefensioUITests;
			packageProductDependencies = (
			);
			productName = DefensioUITests;
			productReference = BBA79A2D2D30203C00DAB14B /* DefensioUITests.xctest */;
			productType = "com.apple.product-type.bundle.ui-testing";
		};
/* End PBXNativeTarget section */

/* Begin PBXProject section */
		BBA79A0A2D30203B00DAB14B /* Project object */ = {
			isa = PBXProject;
			attributes = {
				BuildIndependentTargetsInParallel = 1;
				LastSwiftUpdateCheck = 1620;
				LastUpgradeCheck = 1620;
				TargetAttributes = {
					BBA79A112D30203B00DAB14B = {
						CreatedOnToolsVersion = 16.2;
					};
					BBA79A222D30203C00DAB14B = {
						CreatedOnToolsVersion = 16.2;
						TestTargetID = BBA79A112D30203B00DAB14B;
					};
					BBA79A2C2D30203C00DAB14B = {
						CreatedOnToolsVersion = 16.2;
						TestTargetID = BBA79A112D30203B00DAB14B;
					};
				};
			};
			buildConfigurationList = BBA79A0D2D30203B00DAB14B /* Build configuration list for PBXProject "Defensio" */;
			developmentRegion = en;
			hasScannedForEncodings = 0;
			knownRegions = (
				en,
				Base,
			);
			mainGroup = BBA79A092D30203B00DAB14B;
			minimizedProjectReferenceProxies = 1;
			packageReferences = (
				BBA79A612D3038F100DAB14B /* XCRemoteSwiftPackageReference "firebase-ios-sdk" */,
			);
			preferredProjectObjectVersion = 77;
			productRefGroup = BBA79A132D30203B00DAB14B /* Products */;
			projectDirPath = "";
			projectRoot = "";
			targets = (
				BBA79A112D30203B00DAB14B /* Defensio */,
				BBA79A222D30203C00DAB14B /* DefensioTests */,
				BBA79A2C2D30203C00DAB14B /* DefensioUITests */,
			);
		};
/* End PBXProject section */

/* Begin PBXResourcesBuildPhase section */
		BBA79A102D30203B00DAB14B /* Resources */ = {
			isa = PBXResourcesBuildPhase;
			buildActionMask = 2147483647;
			files = (
			);
			runOnlyForDeploymentPostprocessing = 0;
		};
		BBA79A212D30203C00DAB14B /* Resources */ = {
			isa = PBXResourcesBuildPhase;
			buildActionMask = 2147483647;
			files = (
			);
			runOnlyForDeploymentPostprocessing = 0;
		};
		BBA79A2B2D30203C00DAB14B /* Resources */ = {
			isa = PBXResourcesBuildPhase;
			buildActionMask = 2147483647;
			files = (
			);
			runOnlyForDeploymentPostprocessing = 0;
		};
/* End PBXResourcesBuildPhase section */

/* Begin PBXSourcesBuildPhase section */
		BBA79A0E2D30203B00DAB14B /* Sources */ = {
			isa = PBXSourcesBuildPhase;
			buildActionMask = 2147483647;
			files = (
			);
			runOnlyForDeploymentPostprocessing = 0;
		};
		BBA79A1F2D30203C00DAB14B /* Sources */ = {
			isa = PBXSourcesBuildPhase;
			buildActionMask = 2147483647;
			files = (
			);
			runOnlyForDeploymentPostprocessing = 0;
		};
		BBA79A292D30203C00DAB14B /* Sources */ = {
			isa = PBXSourcesBuildPhase;
			buildActionMask = 2147483647;
			files = (
			);
			runOnlyForDeploymentPostprocessing = 0;
		};
/* End PBXSourcesBuildPhase section */

/* Begin PBXTargetDependency section */
		BBA79A252D30203C00DAB14B /* PBXTargetDependency */ = {
			isa = PBXTargetDependency;
			target = BBA79A112D30203B00DAB14B /* Defensio */;
			targetProxy = BBA79A242D30203C00DAB14B /* PBXContainerItemProxy */;
		};
		BBA79A2F2D30203C00DAB14B /* PBXTargetDependency */ = {
			isa = PBXTargetDependency;
			target = BBA79A112D30203B00DAB14B /* Defensio */;
			targetProxy = BBA79A2E2D30203C00DAB14B /* PBXContainerItemProxy */;
		};
/* End PBXTargetDependency section */

/* Begin XCBuildConfiguration section */
		BBA79A352D30203C00DAB14B /* Debug */ = {
			isa = XCBuildConfiguration;
			buildSettings = {
				ALWAYS_SEARCH_USER_PATHS = NO;
				ASSETCATALOG_COMPILER_GENERATE_SWIFT_ASSET_SYMBOL_EXTENSIONS = YES;
				CLANG_ANALYZER_NONNULL = YES;
				CLANG_ANALYZER_NUMBER_OBJECT_CONVERSION = YES_AGGRESSIVE;
				CLANG_CXX_LANGUAGE_STANDARD = "gnu++20";
				CLANG_ENABLE_MODULES = YES;
				CLANG_ENABLE_OBJC_ARC = YES;
				CLANG_ENABLE_OBJC_WEAK = YES;
				CLANG_WARN_BLOCK_CAPTURE_AUTORELEASING = YES;
				CLANG_WARN_BOOL_CONVERSION = YES;
				CLANG_WARN_COMMA = YES;
				CLANG_WARN_CONSTANT_CONVERSION = YES;
				CLANG_WARN_DEPRECATED_OBJC_IMPLEMENTATIONS = YES;
				CLANG_WARN_DIRECT_OBJC_ISA_USAGE = YES_ERROR;
				CLANG_WARN_DOCUMENTATION_COMMENTS = YES;
				CLANG_WARN_EMPTY_BODY = YES;
				CLANG_WARN_ENUM_CONVERSION = YES;
				CLANG_WARN_INFINITE_RECURSION = YES;
				CLANG_WARN_INT_CONVERSION = YES;
				CLANG_WARN_NON_LITERAL_NULL_CONVERSION = YES;
				CLANG_WARN_OBJC_IMPLICIT_RETAIN_SELF = YES;
				CLANG_WARN_OBJC_LITERAL_CONVERSION = YES;
				CLANG_WARN_OBJC_ROOT_CLASS = YES_ERROR;
				CLANG_WARN_QUOTED_INCLUDE_IN_FRAMEWORK_HEADER = YES;
				CLANG_WARN_RANGE_LOOP_ANALYSIS = YES;
				CLANG_WARN_STRICT_PROTOTYPES = YES;
				CLANG_WARN_SUSPICIOUS_MOVE = YES;
				CLANG_WARN_UNGUARDED_AVAILABILITY = YES_AGGRESSIVE;
				CLANG_WARN_UNREACHABLE_CODE = YES;
				CLANG_WARN__DUPLICATE_METHOD_MATCH = YES;
				COPY_PHASE_STRIP = NO;
				DEBUG_INFORMATION_FORMAT = dwarf;
				ENABLE_STRICT_OBJC_MSGSEND = YES;
				ENABLE_TESTABILITY = YES;
				ENABLE_USER_SCRIPT_SANDBOXING = YES;
				GCC_C_LANGUAGE_STANDARD = gnu17;
				GCC_DYNAMIC_NO_PIC = NO;
				GCC_NO_COMMON_BLOCKS = YES;
				GCC_OPTIMIZATION_LEVEL = 0;
				GCC_PREPROCESSOR_DEFINITIONS = (
					"DEBUG=1",
					"$(inherited)",
				);
				GCC_WARN_64_TO_32_BIT_CONVERSION = YES;
				GCC_WARN_ABOUT_RETURN_TYPE = YES_ERROR;
				GCC_WARN_UNDECLARED_SELECTOR = YES;
				GCC_WARN_UNINITIALIZED_AUTOS = YES_AGGRESSIVE;
				GCC_WARN_UNUSED_FUNCTION = YES;
				GCC_WARN_UNUSED_VARIABLE = YES;
				LOCALIZATION_PREFERS_STRING_CATALOGS = YES;
				MTL_ENABLE_DEBUG_INFO = INCLUDE_SOURCE;
				MTL_FAST_MATH = YES;
				ONLY_ACTIVE_ARCH = YES;
				SWIFT_ACTIVE_COMPILATION_CONDITIONS = "DEBUG $(inherited)";
				SWIFT_OPTIMIZATION_LEVEL = "-Onone";
			};
			name = Debug;
		};
		BBA79A362D30203C00DAB14B /* Release */ = {
			isa = XCBuildConfiguration;
			buildSettings = {
				ALWAYS_SEARCH_USER_PATHS = NO;
				ASSETCATALOG_COMPILER_GENERATE_SWIFT_ASSET_SYMBOL_EXTENSIONS = YES;
				CLANG_ANALYZER_NONNULL = YES;
				CLANG_ANALYZER_NUMBER_OBJECT_CONVERSION = YES_AGGRESSIVE;
				CLANG_CXX_LANGUAGE_STANDARD = "gnu++20";
				CLANG_ENABLE_MODULES = YES;
				CLANG_ENABLE_OBJC_ARC = YES;
				CLANG_ENABLE_OBJC_WEAK = YES;
				CLANG_WARN_BLOCK_CAPTURE_AUTORELEASING = YES;
				CLANG_WARN_BOOL_CONVERSION = YES;
				CLANG_WARN_COMMA = YES;
				CLANG_WARN_CONSTANT_CONVERSION = YES;
				CLANG_WARN_DEPRECATED_OBJC_IMPLEMENTATIONS = YES;
				CLANG_WARN_DIRECT_OBJC_ISA_USAGE = YES_ERROR;
				CLANG_WARN_DOCUMENTATION_COMMENTS = YES;
				CLANG_WARN_EMPTY_BODY = YES;
				CLANG_WARN_ENUM_CONVERSION = YES;
				CLANG_WARN_INFINITE_RECURSION = YES;
				CLANG_WARN_INT_CONVERSION = YES;
				CLANG_WARN_NON_LITERAL_NULL_CONVERSION = YES;
				CLANG_WARN_OBJC_IMPLICIT_RETAIN_SELF = YES;
				CLANG_WARN_OBJC_LITERAL_CONVERSION = YES;
				CLANG_WARN_OBJC_ROOT_CLASS = YES_ERROR;
				CLANG_WARN_QUOTED_INCLUDE_IN_FRAMEWORK_HEADER = YES;
				CLANG_WARN_RANGE_LOOP_ANALYSIS = YES;
				CLANG_WARN_STRICT_PROTOTYPES = YES;
				CLANG_WARN_SUSPICIOUS_MOVE = YES;
				CLANG_WARN_UNGUARDED_AVAILABILITY = YES_AGGRESSIVE;
				CLANG_WARN_UNREACHABLE_CODE = YES;
				CLANG_WARN__DUPLICATE_METHOD_MATCH = YES;
				COPY_PHASE_STRIP = NO;
				DEBUG_INFORMATION_FORMAT = "dwarf-with-dsym";
				ENABLE_NS_ASSERTIONS = NO;
				ENABLE_STRICT_OBJC_MSGSEND = YES;
				ENABLE_USER_SCRIPT_SANDBOXING = YES;
				GCC_C_LANGUAGE_STANDARD = gnu17;
				GCC_NO_COMMON_BLOCKS = YES;
				GCC_WARN_64_TO_32_BIT_CONVERSION = YES;
				GCC_WARN_ABOUT_RETURN_TYPE = YES_ERROR;
				GCC_WARN_UNDECLARED_SELECTOR = YES;
				GCC_WARN_UNINITIALIZED_AUTOS = YES_AGGRESSIVE;
				GCC_WARN_UNUSED_FUNCTION = YES;
				GCC_WARN_UNUSED_VARIABLE = YES;
				LOCALIZATION_PREFERS_STRING_CATALOGS = YES;
				MTL_ENABLE_DEBUG_INFO = NO;
				MTL_FAST_MATH = YES;
				SWIFT_COMPILATION_MODE = wholemodule;
			};
			name = Release;
		};
		BBA79A382D30203C00DAB14B /* Debug */ = {
			isa = XCBuildConfiguration;
			buildSettings = {
				ASSETCATALOG_COMPILER_APPICON_NAME = AppIcon;
				ASSETCATALOG_COMPILER_GLOBAL_ACCENT_COLOR_NAME = AccentColor;
				CODE_SIGN_ENTITLEMENTS = Defensio/Defensio.entitlements;
				CODE_SIGN_STYLE = Automatic;
				CURRENT_PROJECT_VERSION = 1;
				DEVELOPMENT_ASSET_PATHS = "\"Defensio/Preview Content\"";
				DEVELOPMENT_TEAM = UX88VNJ22A;
				ENABLE_HARDENED_RUNTIME = YES;
				ENABLE_PREVIEWS = YES;
				GENERATE_INFOPLIST_FILE = YES;
				INFOPLIST_KEY_CFBundleDisplayName = "Defense Hub";
				"INFOPLIST_KEY_UIApplicationSceneManifest_Generation[sdk=iphoneos*]" = YES;
				"INFOPLIST_KEY_UIApplicationSceneManifest_Generation[sdk=iphonesimulator*]" = YES;
				"INFOPLIST_KEY_UIApplicationSupportsIndirectInputEvents[sdk=iphoneos*]" = YES;
				"INFOPLIST_KEY_UIApplicationSupportsIndirectInputEvents[sdk=iphonesimulator*]" = YES;
				"INFOPLIST_KEY_UILaunchScreen_Generation[sdk=iphoneos*]" = YES;
				"INFOPLIST_KEY_UILaunchScreen_Generation[sdk=iphonesimulator*]" = YES;
				"INFOPLIST_KEY_UIStatusBarStyle[sdk=iphoneos*]" = UIStatusBarStyleDefault;
				"INFOPLIST_KEY_UIStatusBarStyle[sdk=iphonesimulator*]" = UIStatusBarStyleDefault;
				INFOPLIST_KEY_UISupportedInterfaceOrientations_iPad = "UIInterfaceOrientationPortrait UIInterfaceOrientationPortraitUpsideDown UIInterfaceOrientationLandscapeLeft UIInterfaceOrientationLandscapeRight";
				INFOPLIST_KEY_UISupportedInterfaceOrientations_iPhone = "UIInterfaceOrientationPortrait UIInterfaceOrientationLandscapeLeft UIInterfaceOrientationLandscapeRight";
				IPHONEOS_DEPLOYMENT_TARGET = 18.2;
				LD_RUNPATH_SEARCH_PATHS = "@executable_path/Frameworks";
				"LD_RUNPATH_SEARCH_PATHS[sdk=macosx*]" = "@executable_path/../Frameworks";
				MACOSX_DEPLOYMENT_TARGET = 15.2;
				MARKETING_VERSION = 1.0;
				PRODUCT_BUNDLE_IDENTIFIER = com.nickmorris.Defensio;
				PRODUCT_NAME = "$(TARGET_NAME)";
				SDKROOT = auto;
				SUPPORTED_PLATFORMS = "iphoneos iphonesimulator macosx xros xrsimulator";
				SWIFT_EMIT_LOC_STRINGS = YES;
				SWIFT_VERSION = 5.0;
				TARGETED_DEVICE_FAMILY = "1,2,7";
				XROS_DEPLOYMENT_TARGET = 2.2;
			};
			name = Debug;
		};
		BBA79A392D30203C00DAB14B /* Release */ = {
			isa = XCBuildConfiguration;
			buildSettings = {
				ASSETCATALOG_COMPILER_APPICON_NAME = AppIcon;
				ASSETCATALOG_COMPILER_GLOBAL_ACCENT_COLOR_NAME = AccentColor;
				CODE_SIGN_ENTITLEMENTS = Defensio/Defensio.entitlements;
				CODE_SIGN_STYLE = Automatic;
				CURRENT_PROJECT_VERSION = 1;
				DEVELOPMENT_ASSET_PATHS = "\"Defensio/Preview Content\"";
				DEVELOPMENT_TEAM = UX88VNJ22A;
				ENABLE_HARDENED_RUNTIME = YES;
				ENABLE_PREVIEWS = YES;
				GENERATE_INFOPLIST_FILE = YES;
				INFOPLIST_KEY_CFBundleDisplayName = "Defense Hub";
				"INFOPLIST_KEY_UIApplicationSceneManifest_Generation[sdk=iphoneos*]" = YES;
				"INFOPLIST_KEY_UIApplicationSceneManifest_Generation[sdk=iphonesimulator*]" = YES;
				"INFOPLIST_KEY_UIApplicationSupportsIndirectInputEvents[sdk=iphoneos*]" = YES;
				"INFOPLIST_KEY_UIApplicationSupportsIndirectInputEvents[sdk=iphonesimulator*]" = YES;
				"INFOPLIST_KEY_UILaunchScreen_Generation[sdk=iphoneos*]" = YES;
				"INFOPLIST_KEY_UILaunchScreen_Generation[sdk=iphonesimulator*]" = YES;
				"INFOPLIST_KEY_UIStatusBarStyle[sdk=iphoneos*]" = UIStatusBarStyleDefault;
				"INFOPLIST_KEY_UIStatusBarStyle[sdk=iphonesimulator*]" = UIStatusBarStyleDefault;
				INFOPLIST_KEY_UISupportedInterfaceOrientations_iPad = "UIInterfaceOrientationPortrait UIInterfaceOrientationPortraitUpsideDown UIInterfaceOrientationLandscapeLeft UIInterfaceOrientationLandscapeRight";
				INFOPLIST_KEY_UISupportedInterfaceOrientations_iPhone = "UIInterfaceOrientationPortrait UIInterfaceOrientationLandscapeLeft UIInterfaceOrientationLandscapeRight";
				IPHONEOS_DEPLOYMENT_TARGET = 18.2;
				LD_RUNPATH_SEARCH_PATHS = "@executable_path/Frameworks";
				"LD_RUNPATH_SEARCH_PATHS[sdk=macosx*]" = "@executable_path/../Frameworks";
				MACOSX_DEPLOYMENT_TARGET = 15.2;
				MARKETING_VERSION = 1.0;
				PRODUCT_BUNDLE_IDENTIFIER = com.nickmorris.Defensio;
				PRODUCT_NAME = "$(TARGET_NAME)";
				SDKROOT = auto;
				SUPPORTED_PLATFORMS = "iphoneos iphonesimulator macosx xros xrsimulator";
				SWIFT_EMIT_LOC_STRINGS = YES;
				SWIFT_VERSION = 5.0;
				TARGETED_DEVICE_FAMILY = "1,2,7";
				XROS_DEPLOYMENT_TARGET = 2.2;
			};
			name = Release;
		};
		BBA79A3B2D30203C00DAB14B /* Debug */ = {
			isa = XCBuildConfiguration;
			buildSettings = {
				BUNDLE_LOADER = "$(TEST_HOST)";
				CODE_SIGN_STYLE = Automatic;
				CURRENT_PROJECT_VERSION = 1;
				DEVELOPMENT_TEAM = UX88VNJ22A;
				GENERATE_INFOPLIST_FILE = YES;
				IPHONEOS_DEPLOYMENT_TARGET = 18.2;
				MACOSX_DEPLOYMENT_TARGET = 15.2;
				MARKETING_VERSION = 1.0;
				PRODUCT_BUNDLE_IDENTIFIER = com.nickmorris.DefensioTests;
				PRODUCT_NAME = "$(TARGET_NAME)";
				SDKROOT = auto;
				SUPPORTED_PLATFORMS = "iphoneos iphonesimulator macosx xros xrsimulator";
				SWIFT_EMIT_LOC_STRINGS = NO;
				SWIFT_VERSION = 5.0;
				TARGETED_DEVICE_FAMILY = "1,2,7";
				TEST_HOST = "$(BUILT_PRODUCTS_DIR)/Defensio.app/$(BUNDLE_EXECUTABLE_FOLDER_PATH)/Defensio";
				XROS_DEPLOYMENT_TARGET = 2.2;
			};
			name = Debug;
		};
		BBA79A3C2D30203C00DAB14B /* Release */ = {
			isa = XCBuildConfiguration;
			buildSettings = {
				BUNDLE_LOADER = "$(TEST_HOST)";
				CODE_SIGN_STYLE = Automatic;
				CURRENT_PROJECT_VERSION = 1;
				DEVELOPMENT_TEAM = UX88VNJ22A;
				GENERATE_INFOPLIST_FILE = YES;
				IPHONEOS_DEPLOYMENT_TARGET = 18.2;
				MACOSX_DEPLOYMENT_TARGET = 15.2;
				MARKETING_VERSION = 1.0;
				PRODUCT_BUNDLE_IDENTIFIER = com.nickmorris.DefensioTests;
				PRODUCT_NAME = "$(TARGET_NAME)";
				SDKROOT = auto;
				SUPPORTED_PLATFORMS = "iphoneos iphonesimulator macosx xros xrsimulator";
				SWIFT_EMIT_LOC_STRINGS = NO;
				SWIFT_VERSION = 5.0;
				TARGETED_DEVICE_FAMILY = "1,2,7";
				TEST_HOST = "$(BUILT_PRODUCTS_DIR)/Defensio.app/$(BUNDLE_EXECUTABLE_FOLDER_PATH)/Defensio";
				XROS_DEPLOYMENT_TARGET = 2.2;
			};
			name = Release;
		};
		BBA79A3E2D30203C00DAB14B /* Debug */ = {
			isa = XCBuildConfiguration;
			buildSettings = {
				CODE_SIGN_STYLE = Automatic;
				CURRENT_PROJECT_VERSION = 1;
				DEVELOPMENT_TEAM = UX88VNJ22A;
				GENERATE_INFOPLIST_FILE = YES;
				IPHONEOS_DEPLOYMENT_TARGET = 18.2;
				MACOSX_DEPLOYMENT_TARGET = 15.2;
				MARKETING_VERSION = 1.0;
				PRODUCT_BUNDLE_IDENTIFIER = com.nickmorris.DefensioUITests;
				PRODUCT_NAME = "$(TARGET_NAME)";
				SDKROOT = auto;
				SUPPORTED_PLATFORMS = "iphoneos iphonesimulator macosx xros xrsimulator";
				SWIFT_EMIT_LOC_STRINGS = NO;
				SWIFT_VERSION = 5.0;
				TARGETED_DEVICE_FAMILY = "1,2,7";
				TEST_TARGET_NAME = Defensio;
				XROS_DEPLOYMENT_TARGET = 2.2;
			};
			name = Debug;
		};
		BBA79A3F2D30203C00DAB14B /* Release */ = {
			isa = XCBuildConfiguration;
			buildSettings = {
				CODE_SIGN_STYLE = Automatic;
				CURRENT_PROJECT_VERSION = 1;
				DEVELOPMENT_TEAM = UX88VNJ22A;
				GENERATE_INFOPLIST_FILE = YES;
				IPHONEOS_DEPLOYMENT_TARGET = 18.2;
				MACOSX_DEPLOYMENT_TARGET = 15.2;
				MARKETING_VERSION = 1.0;
				PRODUCT_BUNDLE_IDENTIFIER = com.nickmorris.DefensioUITests;
				PRODUCT_NAME = "$(TARGET_NAME)";
				SDKROOT = auto;
				SUPPORTED_PLATFORMS = "iphoneos iphonesimulator macosx xros xrsimulator";
				SWIFT_EMIT_LOC_STRINGS = NO;
				SWIFT_VERSION = 5.0;
				TARGETED_DEVICE_FAMILY = "1,2,7";
				TEST_TARGET_NAME = Defensio;
				XROS_DEPLOYMENT_TARGET = 2.2;
			};
			name = Release;
		};
/* End XCBuildConfiguration section */

/* Begin XCConfigurationList section */
		BBA79A0D2D30203B00DAB14B /* Build configuration list for PBXProject "Defensio" */ = {
			isa = XCConfigurationList;
			buildConfigurations = (
				BBA79A352D30203C00DAB14B /* Debug */,
				BBA79A362D30203C00DAB14B /* Release */,
			);
			defaultConfigurationIsVisible = 0;
			defaultConfigurationName = Release;
		};
		BBA79A372D30203C00DAB14B /* Build configuration list for PBXNativeTarget "Defensio" */ = {
			isa = XCConfigurationList;
			buildConfigurations = (
				BBA79A382D30203C00DAB14B /* Debug */,
				BBA79A392D30203C00DAB14B /* Release */,
			);
			defaultConfigurationIsVisible = 0;
			defaultConfigurationName = Release;
		};
		BBA79A3A2D30203C00DAB14B /* Build configuration list for PBXNativeTarget "DefensioTests" */ = {
			isa = XCConfigurationList;
			buildConfigurations = (
				BBA79A3B2D30203C00DAB14B /* Debug */,
				BBA79A3C2D30203C00DAB14B /* Release */,
			);
			defaultConfigurationIsVisible = 0;
			defaultConfigurationName = Release;
		};
		BBA79A3D2D30203C00DAB14B /* Build configuration list for PBXNativeTarget "DefensioUITests" */ = {
			isa = XCConfigurationList;
			buildConfigurations = (
				BBA79A3E2D30203C00DAB14B /* Debug */,
				BBA79A3F2D30203C00DAB14B /* Release */,
			);
			defaultConfigurationIsVisible = 0;
			defaultConfigurationName = Release;
		};
/* End XCConfigurationList section */

/* Begin XCRemoteSwiftPackageReference section */
		BBA79A612D3038F100DAB14B /* XCRemoteSwiftPackageReference "firebase-ios-sdk" */ = {
			isa = XCRemoteSwiftPackageReference;
			repositoryURL = "https://github.com/firebase/firebase-ios-sdk";
			requirement = {
				kind = upToNextMajorVersion;
				minimumVersion = 11.6.0;
			};
		};
/* End XCRemoteSwiftPackageReference section */

/* Begin XCSwiftPackageProductDependency section */
		BBA79A622D30398600DAB14B /* FirebaseAnalytics */ = {
			isa = XCSwiftPackageProductDependency;
			package = BBA79A612D3038F100DAB14B /* XCRemoteSwiftPackageReference "firebase-ios-sdk" */;
			productName = FirebaseAnalytics;
		};
		BBA79A642D30398600DAB14B /* FirebaseAnalyticsWithoutAdIdSupport */ = {
			isa = XCSwiftPackageProductDependency;
			package = BBA79A612D3038F100DAB14B /* XCRemoteSwiftPackageReference "firebase-ios-sdk" */;
			productName = FirebaseAnalyticsWithoutAdIdSupport;
		};
		BBA79A682D303C9800DAB14B /* FirebaseCore */ = {
			isa = XCSwiftPackageProductDependency;
			package = BBA79A612D3038F100DAB14B /* XCRemoteSwiftPackageReference "firebase-ios-sdk" */;
			productName = FirebaseCore;
		};
		BBA79A6A2D303C9800DAB14B /* FirebaseDatabase */ = {
			isa = XCSwiftPackageProductDependency;
			package = BBA79A612D3038F100DAB14B /* XCRemoteSwiftPackageReference "firebase-ios-sdk" */;
			productName = FirebaseDatabase;
		};
		BBA79A6C2D303C9800DAB14B /* FirebaseFirestore */ = {
			isa = XCSwiftPackageProductDependency;
			package = BBA79A612D3038F100DAB14B /* XCRemoteSwiftPackageReference "firebase-ios-sdk" */;
			productName = FirebaseFirestore;
		};
		BBA79A6E2D303CE400DAB14B /* FirebaseFunctions */ = {
			isa = XCSwiftPackageProductDependency;
			package = BBA79A612D3038F100DAB14B /* XCRemoteSwiftPackageReference "firebase-ios-sdk" */;
			productName = FirebaseFunctions;
		};
		BBA79A702D303CE400DAB14B /* FirebaseStorage */ = {
			isa = XCSwiftPackageProductDependency;
			package = BBA79A612D3038F100DAB14B /* XCRemoteSwiftPackageReference "firebase-ios-sdk" */;
			productName = FirebaseStorage;
		};
		BBA79A722D303CE400DAB14B /* FirebaseStorageCombine-Community */ = {
			isa = XCSwiftPackageProductDependency;
			package = BBA79A612D3038F100DAB14B /* XCRemoteSwiftPackageReference "firebase-ios-sdk" */;
			productName = "FirebaseStorageCombine-Community";
		};
		BBA79A742D303F5400DAB14B /* FirebaseFirestoreCombine-Community */ = {
			isa = XCSwiftPackageProductDependency;
			package = BBA79A612D3038F100DAB14B /* XCRemoteSwiftPackageReference "firebase-ios-sdk" */;
			productName = "FirebaseFirestoreCombine-Community";
		};
		BBA79A762D303F5400DAB14B /* FirebaseFunctionsCombine-Community */ = {
			isa = XCSwiftPackageProductDependency;
			package = BBA79A612D3038F100DAB14B /* XCRemoteSwiftPackageReference "firebase-ios-sdk" */;
			productName = "FirebaseFunctionsCombine-Community";
		};
		BBA79A782D303F5400DAB14B /* FirebaseInstallations */ = {
			isa = XCSwiftPackageProductDependency;
			package = BBA79A612D3038F100DAB14B /* XCRemoteSwiftPackageReference "firebase-ios-sdk" */;
			productName = FirebaseInstallations;
		};
/* End XCSwiftPackageProductDependency section */
	};
	rootObject = BBA79A0A2D30203B00DAB14B /* Project object */;
}
